
Microsoft Visual Studio Solution File, Format Version 12.00
# Visual Studio Version 17
VisualStudioVersion = 17.0.32112.339
MinimumVisualStudioVersion = 10.0.40219.1
Project("{FAE04EC0-301F-11D3-BF4B-00C04F79EFBC}") = "Proyecto", "Proyecto\Proyecto.csproj", "{D4D162EF-6116-4BC9-8E07-63DEE1512EAA}"
EndProject
Global
	GlobalSection(SolutionConfigurationPlatforms) = preSolution
		Debug|Any CPU = Debug|Any CPU
		Release|Any CPU = Release|Any CPU
	EndGlobalSection
	GlobalSection(ProjectConfigurationPlatforms) = postSolution
		{D4D162EF-6116-4BC9-8E07-63DEE1512EAA}.Debug|Any CPU.ActiveCfg = Debug|Any CPU
		{D4D162EF-6116-4BC9-8E07-63DEE1512EAA}.Debug|Any CPU.Build.0 = Debug|Any CPU
		{D4D162EF-6116-4BC9-8E07-63DEE1512EAA}.Release|Any CPU.ActiveCfg = Release|Any CPU
		{D4D162EF-6116-4BC9-8E07-63DEE1512EAA}.Release|Any CPU.Build.0 = Release|Any CPU
	EndGlobalSection
	GlobalSection(SolutionProperties) = preSolution
		HideSolutionNode = FALSE
	EndGlobalSection
	GlobalSection(ExtensibilityGlobals) = postSolution
		SolutionGuid = {FA8D2760-B079-488F-90C5-D7B2EA09BA8F}
	EndGlobalSection
EndGlobal
